
Microsoft Visual Studio Solution File, Format Version 12.00
# Visual Studio Version 17
VisualStudioVersion = 17.11.35327.3
MinimumVisualStudioVersion = 10.0.40219.1
Project("{FAE04EC0-301F-11D3-BF4B-00C04F79EFBC}") = "Client", "Client\Client.csproj", "{018E04F2-3C97-425D-8EB1-0BDCC324E0AE}"
EndProject
Project("{FAE04EC0-301F-11D3-BF4B-00C04F79EFBC}") = "SharedKernel.Realtime", "SharedKernel.Realtime\SharedKernel.Realtime.csproj", "{680DB51B-3434-49F9-BB13-EBD1C3C14F78}"
EndProject
Project("{FAE04EC0-301F-11D3-BF4B-00C04F79EFBC}") = "Gateway", "Gateway\Gateway.csproj", "{2F327650-4F4C-4C2A-9060-E119AD740709}"
EndProject
Global
	GlobalSection(SolutionConfigurationPlatforms) = preSolution
		Debug|Any CPU = Debug|Any CPU
		Release|Any CPU = Release|Any CPU
	EndGlobalSection
	GlobalSection(ProjectConfigurationPlatforms) = postSolution
		{018E04F2-3C97-425D-8EB1-0BDCC324E0AE}.Debug|Any CPU.ActiveCfg = Debug|Any CPU
		{018E04F2-3C97-425D-8EB1-0BDCC324E0AE}.Debug|Any CPU.Build.0 = Debug|Any CPU
		{018E04F2-3C97-425D-8EB1-0BDCC324E0AE}.Release|Any CPU.ActiveCfg = Release|Any CPU
		{018E04F2-3C97-425D-8EB1-0BDCC324E0AE}.Release|Any CPU.Build.0 = Release|Any CPU
		{680DB51B-3434-49F9-BB13-EBD1C3C14F78}.Debug|Any CPU.ActiveCfg = Debug|Any CPU
		{680DB51B-3434-49F9-BB13-EBD1C3C14F78}.Debug|Any CPU.Build.0 = Debug|Any CPU
		{680DB51B-3434-49F9-BB13-EBD1C3C14F78}.Release|Any CPU.ActiveCfg = Release|Any CPU
		{680DB51B-3434-49F9-BB13-EBD1C3C14F78}.Release|Any CPU.Build.0 = Release|Any CPU
		{2F327650-4F4C-4C2A-9060-E119AD740709}.Debug|Any CPU.ActiveCfg = Debug|Any CPU
		{2F327650-4F4C-4C2A-9060-E119AD740709}.Debug|Any CPU.Build.0 = Debug|Any CPU
		{2F327650-4F4C-4C2A-9060-E119AD740709}.Release|Any CPU.ActiveCfg = Release|Any CPU
		{2F327650-4F4C-4C2A-9060-E119AD740709}.Release|Any CPU.Build.0 = Release|Any CPU
	EndGlobalSection
	GlobalSection(SolutionProperties) = preSolution
		HideSolutionNode = FALSE
	EndGlobalSection
	GlobalSection(ExtensibilityGlobals) = postSolution
		SolutionGuid = {7BD93279-F449-4CAC-BE11-E9FE9F45D9B4}
	EndGlobalSection
EndGlobal
